# This file is @generated by PDM.
# It is not intended for manual editing.

[[package]]
name = "certifi"
version = "2024.2.2"
requires_python = ">=3.6"
summary = "Python package for providing Mozilla's CA Bundle."

[[package]]
name = "geographiclib"
version = "1.52"
summary = "The geodesic routines from GeographicLib"

[[package]]
name = "geopy"
version = "2.0.0"
requires_python = ">=3.5"
summary = "Python Geocoding Toolbox"
dependencies = [
    "geographiclib<2,>=1.49",
]

[[package]]
name = "psycopg2-binary"
version = "2.9.2"
requires_python = ">=3.6"
summary = "psycopg2 - Python-PostgreSQL Database Adapter"

[[package]]
name = "pyproj"
version = "3.3.0"
requires_python = ">=3.8"
summary = "Python interface to PROJ (cartographic projections and coordinate transformations library)"
dependencies = [
    "certifi",
]

[metadata]
lock_version = "4.2"
cross_platform = true
groups = ["default"]
content_hash = "sha256:46cb918c26b969be6e2510d6fd1fe9a277f96b74a634de57c78144a7c77afdd3"

[metadata.files]
"certifi 2024.2.2" = [
    {url = "https://files.pythonhosted.org/packages/71/da/e94e26401b62acd6d91df2b52954aceb7f561743aa5ccc32152886c76c96/certifi-2024.2.2.tar.gz", hash = "sha256:0569859f95fc761b18b45ef421b1290a0f65f147e92a1e5eb3e635f9a5e4e66f"},
    {url = "https://files.pythonhosted.org/packages/ba/06/a07f096c664aeb9f01624f858c3add0a4e913d6c96257acb4fce61e7de14/certifi-2024.2.2-py3-none-any.whl", hash = "sha256:dc383c07b76109f368f6106eee2b593b04a011ea4d55f652c6ca24a754d1cdd1"},
]
"geographiclib 1.52" = [
    {url = "https://files.pythonhosted.org/packages/22/be/13de9dddbee1cfa79fa4dcc69f9bbf4787aecb7eef90752416b5d0fe88cf/geographiclib-1.52.tar.gz", hash = "sha256:ac400d672b8954b0306bca890b088bb8ba2a757dc8133cca0b878f34b33b2740"},
    {url = "https://files.pythonhosted.org/packages/df/60/d1d4c4944f9726228faa80fbe2206c8ddfd9757791b2de2facb8818c5d74/geographiclib-1.52-py3-none-any.whl", hash = "sha256:8f441c527b0b8a26cd96c965565ff0513d1e4d9952b704bf449409e5015c77b7"},
]
"geopy 2.0.0" = [
    {url = "https://files.pythonhosted.org/packages/07/e1/9c72de674d5c2b8fcb0738a5ceeb5424941fefa080bfe4e240d0bacb5a38/geopy-2.0.0-py3-none-any.whl", hash = "sha256:fdc596bab67d9f4828f43bf9e97c4e0a1d1518b7c2357485cef0e1c3cf470220"},
    {url = "https://files.pythonhosted.org/packages/f3/c0/fd2ee60dee697708fd4af26ff9b8105a9b9cbf6fa42e3724ca1a28388b2b/geopy-2.0.0.tar.gz", hash = "sha256:b88e189f0d2e0051da45b6311d5b2ced59afaf1378eb27ebb57eaf37c166a03b"},
]
"psycopg2-binary 2.9.2" = [
    {url = "https://files.pythonhosted.org/packages/26/12/6a608aa9ecb0ec442ce76eabcdb2f8f0eca1d59978c6e177034b693ba008/psycopg2_binary-2.9.2-cp39-cp39-macosx_10_14_x86_64.macosx_10_9_intel.macosx_10_9_x86_64.macosx_10_10_intel.macosx_10_10_x86_64.whl", hash = "sha256:578c279cd1ce04f05ae0912530ece00bab92854911808e5aec27588aba87e361"},
    {url = "https://files.pythonhosted.org/packages/32/00/7282961f8e3b410e2552f51107014cbe1d11b73bd6d669945cc2e526d79b/psycopg2_binary-2.9.2-cp310-cp310-manylinux_2_17_i686.manylinux2014_i686.whl", hash = "sha256:717525cdc97b23182ff6f470fb5bf6f0bc796b5a7000c6f6699d6679991e4a5e"},
    {url = "https://files.pythonhosted.org/packages/35/25/a6d49bfc85f5e233304448f659393afe0316d3975dbe676499ddf6d5fa8f/psycopg2_binary-2.9.2-cp39-cp39-manylinux_2_17_i686.manylinux2014_i686.whl", hash = "sha256:4c2dea4deac3dd3687e32daeb0712ee96c535970dfdded37a11de6a21145ab0e"},
    {url = "https://files.pythonhosted.org/packages/4c/85/f5abc6c571a42e60da5a2f92ce7fdae3f34c803a362de4bfcac8256946d6/psycopg2_binary-2.9.2-cp310-cp310-win32.whl", hash = "sha256:a04cfa231e7d9b63639e62166a4051cb47ca599fa341463fa3e1c48585fcee64"},
    {url = "https://files.pythonhosted.org/packages/58/0d/9e9904e0ea74d2fd03453b042733fa7e516302e576d62c0e06eab5bbb2cd/psycopg2_binary-2.9.2-cp310-cp310-manylinux_2_24_aarch64.whl", hash = "sha256:daf6b5c62eb738872d61a1fa740d7768904911ba5a7e055ed72169d379b58beb"},
    {url = "https://files.pythonhosted.org/packages/5b/77/ee98e1aca955c962d39dcdebdc48e48438ba23dd37373884e1e28f498161/psycopg2_binary-2.9.2-cp36-cp36m-manylinux_2_17_i686.manylinux2014_i686.whl", hash = "sha256:029e09a892b9ebc3c77851f69ce0720e1b72a9c6850460cee49b14dfbf9ccdd2"},
    {url = "https://files.pythonhosted.org/packages/5d/e1/ac9fbcb3878d327c97848c61932832981b71a34430f0b3239a86527047ae/psycopg2_binary-2.9.2-cp37-cp37m-win32.whl", hash = "sha256:ef97578fab5115e3af4334dd3376dea3c3a79328a3314b21ec7ced02920b916d"},
    {url = "https://files.pythonhosted.org/packages/63/26/dbfcb61e9171a3e1f219fe2d8f30c895df19a26d29c7aeaaf7264ee3dfa7/psycopg2_binary-2.9.2-cp38-cp38-macosx_10_14_x86_64.macosx_10_9_intel.macosx_10_9_x86_64.macosx_10_10_intel.macosx_10_10_x86_64.whl", hash = "sha256:eeee7b18c51d02e49bf1984d7af26e8843fe68e31fa1cbab5366ebdfa1c89ade"},
    {url = "https://files.pythonhosted.org/packages/65/86/3e7fd9fd8034c76b160a98a84cd3498d19f622f6af276100c815251b9794/psycopg2_binary-2.9.2-cp36-cp36m-manylinux_2_24_ppc64le.whl", hash = "sha256:a77e98c68b0e6c51d4d6a994d22b30e77276cbd33e4aabdde03b9ad3a2c148aa"},
    {url = "https://files.pythonhosted.org/packages/6a/18/e647eb80aa0e23bf2acb9e0e341fc6e85d6c5d6db73fcddfdc0d25debdc8/psycopg2_binary-2.9.2-cp38-cp38-manylinux_2_17_i686.manylinux2014_i686.whl", hash = "sha256:497372cc76e6cbce2f51b37be141f360a321423c03eb9be45524b1d123f4cd11"},
    {url = "https://files.pythonhosted.org/packages/6c/49/28167e2f6f3a7e3947707aa0408eaf1d58c6e652e5fe3095ac7dd2ce5b9a/psycopg2_binary-2.9.2-cp37-cp37m-manylinux_2_17_i686.manylinux2014_i686.whl", hash = "sha256:2e4bbcfb403221ea1953f3e0a85cef00ed15c1683a66cf35c956a7e37c33a4c4"},
    {url = "https://files.pythonhosted.org/packages/6d/1c/e8fc437109da3227a5887ad6730146f8ad0111d7b219731310cd54eff39b/psycopg2_binary-2.9.2-cp37-cp37m-manylinux_2_24_ppc64le.whl", hash = "sha256:37c8f00f7a2860bac9f7a54f03c243fc1dd9b367e5b2b52f5a02e5f4e9d8c49b"},
    {url = "https://files.pythonhosted.org/packages/7b/73/711e37f87d7e92119280d13e31f480dfa9d85cc3e3c558f63593266025d2/psycopg2_binary-2.9.2-cp38-cp38-win_amd64.whl", hash = "sha256:14427437117f38e65f71db65d8eafd0e86837be456567798712b8da89db2b2dd"},
    {url = "https://files.pythonhosted.org/packages/7d/55/9b823ff33636c7004c068795623ce620e49d325f4e7707b0cebb548a6af0/psycopg2_binary-2.9.2-cp38-cp38-manylinux_2_24_ppc64le.whl", hash = "sha256:a1852c5bef7e5f52bd43fde5eda610d4df0fb2efc31028150933e84b4140d47a"},
    {url = "https://files.pythonhosted.org/packages/7d/ff/c7afcc174b759de56593ad94c478326ea842fd42692683efa24ffaee565a/psycopg2_binary-2.9.2-cp37-cp37m-win_amd64.whl", hash = "sha256:7e6bd4f532c2cd297b81114526176b240109a1c52020adca69c3f3226c65dc18"},
    {url = "https://files.pythonhosted.org/packages/8a/5e/b224403aed7e8796584c0bfa05732beb56781c9ba4030e267d9805c7b7a6/psycopg2_binary-2.9.2-cp37-cp37m-manylinux_2_24_aarch64.whl", hash = "sha256:8d2aafe46eb87742425ece38130510fbb035787ee89a329af299029c4d9ae318"},
    {url = "https://files.pythonhosted.org/packages/90/1f/ea7d4a5addabe1383289e68cbf82cd512738bc9f4b03c5dc8a7c54e54b1b/psycopg2_binary-2.9.2-cp310-cp310-win_amd64.whl", hash = "sha256:c6e16e085fe6dc6c099ee0be56657aa9ad71027465ef9591d302ba230c404c7e"},
    {url = "https://files.pythonhosted.org/packages/9a/7b/8fbc3e9131a4c56ba7d7d0751f9edebfcb824438af308c9be57238850ac2/psycopg2_binary-2.9.2-cp36-cp36m-win_amd64.whl", hash = "sha256:f9c37ecb173d76cf49e519133fd70851b8f9c38b6b8c1cb7fcfc71368d4cc6fc"},
    {url = "https://files.pythonhosted.org/packages/9a/ac/62edd91cb130cf848476cfa96666b96c162bdb1b4c2941b074083e467dd6/psycopg2_binary-2.9.2-cp39-cp39-manylinux_2_17_x86_64.manylinux2014_x86_64.whl", hash = "sha256:b592f09ff18cfcc9037b9a976fcd62db48cae9dbd5385f2471d4c2ba40c52b4d"},
    {url = "https://files.pythonhosted.org/packages/a2/72/43df1384114c97fe87de9adb87ab13a30b72ca2564ad7eaa34145b04094d/psycopg2_binary-2.9.2-cp310-cp310-macosx_10_14_x86_64.macosx_10_9_intel.macosx_10_9_x86_64.macosx_10_10_intel.macosx_10_10_x86_64.whl", hash = "sha256:c0e1fb7097ded2cc44d9037cfc68ad86a30341261492e7de95d180e534969fb2"},
    {url = "https://files.pythonhosted.org/packages/aa/70/47e1a0bf010ff3d5beb8abe6e57cb764ac950082126ed565c12a54772559/psycopg2_binary-2.9.2-cp38-cp38-manylinux_2_17_x86_64.manylinux2014_x86_64.whl", hash = "sha256:5671699aff57d22a245b7f4bba89e3de97dc841c5e98bd7f685429b2b20eca47"},
    {url = "https://files.pythonhosted.org/packages/ac/07/7551e143572f7e5c5b8f8026dae66872efd351115eb12e67d4198de43514/psycopg2_binary-2.9.2-cp310-cp310-manylinux_2_24_ppc64le.whl", hash = "sha256:3ac83656ff4fbe7f2a956ab085e3eb1d678df54759965d509bdd6a06ce520d49"},
    {url = "https://files.pythonhosted.org/packages/ae/29/d066aabda39172aeca0be0797975b4b31b738d863d0e84df9c9ed2d268ab/psycopg2_binary-2.9.2-cp310-cp310-manylinux_2_17_x86_64.manylinux2014_x86_64.whl", hash = "sha256:3865d0cd919349c45603bd7e80249a382c5ecf8106304cfd153282adf9684b6a"},
    {url = "https://files.pythonhosted.org/packages/b0/d4/0ea9e4639917c2bdfc3a2322f4240481fdb0d74b0b733d9fba5739db60a8/psycopg2_binary-2.9.2-cp37-cp37m-manylinux_2_17_x86_64.manylinux2014_x86_64.whl", hash = "sha256:f4dff0f15af6936c6fe6da7067b4216edbbe076ad8625da819cc066591b1133c"},
    {url = "https://files.pythonhosted.org/packages/b8/2d/aa6d2393f303cf55657a6680b9b0ae6edf42dd74fc73dc993c1475504307/psycopg2_binary-2.9.2-cp39-cp39-win_amd64.whl", hash = "sha256:aa2847d8073951dbc84c4f8b32c620764db3c2eb0d99a04835fecfab7d04816e"},
    {url = "https://files.pythonhosted.org/packages/bb/b8/0451f64ee78d8cf6e7d604832986e1bc1986e768f5fd3aa30e17d1d24df5/psycopg2_binary-2.9.2-cp36-cp36m-macosx_10_14_x86_64.macosx_10_9_intel.macosx_10_9_x86_64.macosx_10_10_intel.macosx_10_10_x86_64.whl", hash = "sha256:53912199abb626a7249c662e72b70b4f57bf37f840599cec68625171435790dd"},
    {url = "https://files.pythonhosted.org/packages/be/89/85b2fb397530c0bebddda5857825f2cd5fa437cc4ee5a365d2b82a87179c/psycopg2_binary-2.9.2-cp38-cp38-manylinux_2_24_aarch64.whl", hash = "sha256:b9d45374ba98c1184df9cce93a0b766097544f8bdfcd5de83ff10f939c193125"},
    {url = "https://files.pythonhosted.org/packages/c4/bc/41cbc4499afe77667e75374526d0e25cd424341125ba8a45294c141178e1/psycopg2_binary-2.9.2-cp37-cp37m-macosx_10_14_x86_64.macosx_10_9_intel.macosx_10_9_x86_64.macosx_10_10_intel.macosx_10_10_x86_64.whl", hash = "sha256:a507db7758953b1b170c4310691a1a89877029b1e11b08ba5fc8ae3ddb35596b"},
    {url = "https://files.pythonhosted.org/packages/ce/c5/932ab98ef802a2c16f0d4fdc91223cf337bfdcf7b0944676477044b7ab07/psycopg2_binary-2.9.2-cp38-cp38-win32.whl", hash = "sha256:108b0380969ddab7c8ef2a813a57f87b308b2f88ec15f1a1e7b653964a3cfb25"},
    {url = "https://files.pythonhosted.org/packages/d0/90/408ed87a2f5e6a4bd0d00c4105893d531e0084fc872ce661ad2c8e0a3b6b/psycopg2_binary-2.9.2-cp39-cp39-win32.whl", hash = "sha256:9c0aaad07941419926b9bd00171e49fe6b06e42e5527fb91671e137fe6c93d77"},
    {url = "https://files.pythonhosted.org/packages/d1/6d/bdb09cc1ccc6aa5e611c4d74daf751f8881ae231933f4ef1d4f6d699d021/psycopg2-binary-2.9.2.tar.gz", hash = "sha256:234b1f48488b2f86aac04fb00cb04e5e9bcb960f34fa8a8e41b73149d581a93b"},
    {url = "https://files.pythonhosted.org/packages/d3/33/a1fadd9b43d3236f550a9a5b729821b54f1e80ee415c5dcedbda47bdfb99/psycopg2_binary-2.9.2-cp36-cp36m-manylinux_2_24_aarch64.whl", hash = "sha256:2eecbdc5fa5886f2dd6cc673ce4291cc0fb8900965315268960ad9c2477f8276"},
    {url = "https://files.pythonhosted.org/packages/e9/ad/03e2ec00d4047171729965ac65ba85c2ca0f85497468a20bd0024b4862d4/psycopg2_binary-2.9.2-cp36-cp36m-manylinux_2_17_x86_64.manylinux2014_x86_64.whl", hash = "sha256:db1b03c189f85b8df29030ad32d521dd7dcb862fd5f8892035314f5b886e70ce"},
    {url = "https://files.pythonhosted.org/packages/f0/01/cc99a9199e192a2868c2eff919f9db7d3c2d631d08a9e1d30fc7c20a49c2/psycopg2_binary-2.9.2-cp39-cp39-manylinux_2_24_aarch64.whl", hash = "sha256:3a320e7a804f3886a599fea507364aaafbb8387027fffcdfbd34d96316c806c7"},
    {url = "https://files.pythonhosted.org/packages/f0/0d/766ae607f548d2f329ee747eb8d20b1c36c4b23c2470d579c67a4ea21ffd/psycopg2_binary-2.9.2-cp36-cp36m-win32.whl", hash = "sha256:bf31e6fdb4ec1f6d98a07f48836508ed6edd19b48b13bbf168fbc1bd014b4ca2"},
    {url = "https://files.pythonhosted.org/packages/f7/98/b912d1edaf3651aab5b1463372bae99031069e950371288146b06cfe678a/psycopg2_binary-2.9.2-cp39-cp39-manylinux_2_24_ppc64le.whl", hash = "sha256:7585ca73dcfe326f31fafa8f96e6bb98ea9e9e46c7a1924ec8101d797914ae27"},
]
"pyproj 3.3.0" = [
    {url = "https://files.pythonhosted.org/packages/09/48/001b1efcf67ca76c38c34e86a1d5e9b17b180b08a74f6abf321a10e2613d/pyproj-3.3.0-cp310-cp310-manylinux_2_12_i686.manylinux2010_i686.whl", hash = "sha256:0e1fd560b509b722db6566fa9685252f25640e93464d09e13d5190ed7ab491ba"},
    {url = "https://files.pythonhosted.org/packages/21/53/b4c5a0a9f9027a3e081566c8d8eee7c2415d678cca5042f5e9d058ef16e1/pyproj-3.3.0-cp310-cp310-manylinux_2_17_aarch64.manylinux2014_aarch64.whl", hash = "sha256:eca8ecf2b6b3225d93c723e6a2f51143d9195ac407f69e979363cdde344b93bb"},
    {url = "https://files.pythonhosted.org/packages/24/3f/bf1ea3d77f5444474c0e76094a9a20464d87835fdbdde90b06815f8c2170/pyproj-3.3.0-cp39-cp39-win_amd64.whl", hash = "sha256:b48dd9e5736957707fce1d9253fb0772bcf80480198c7790e21fed73fee61240"},
    {url = "https://files.pythonhosted.org/packages/27/0a/a997c71dfecb4931f75441e44f5f4a99cc407e5c42d41b95be9fceb28c68/pyproj-3.3.0-cp38-cp38-win_amd64.whl", hash = "sha256:b15e199c1da8fd132e11dfa68d8cf65d4812dedabc776b308df778ecd0d07658"},
    {url = "https://files.pythonhosted.org/packages/2a/69/ed9639332f97db0a7a9473d6254258c56f6f4a8163375eb6e46688bfb6c6/pyproj-3.3.0-cp38-cp38-manylinux_2_17_aarch64.manylinux2014_aarch64.whl", hash = "sha256:ab4baf781721640659db83a6b4da636fc403008f4978c668275754284c946778"},
    {url = "https://files.pythonhosted.org/packages/33/e4/ca24160f7d2ed67923668719f8a5e39e62df388a4bf2ac53fd93c4109045/pyproj-3.3.0-cp39-cp39-manylinux_2_12_x86_64.manylinux2010_x86_64.whl", hash = "sha256:067a5c6099949edd66e9a10b139af4e2f65ebadb9f59583923a1d3feefac749a"},
    {url = "https://files.pythonhosted.org/packages/34/05/ace58fdc264c424324c29d76daf6c1fca603d4a5f8e7bd5b5541886a404b/pyproj-3.3.0-cp310-cp310-win32.whl", hash = "sha256:4d2fc49c73d9f34e932bf37926d56916ba1b6f2f693cd4d8cc1d0d9eacc0e537"},
    {url = "https://files.pythonhosted.org/packages/39/92/6f737fe1bc78d6a6c6b35c185c4c5590063d2c54aeea0f9b5f846a93c77d/pyproj-3.3.0-cp38-cp38-win32.whl", hash = "sha256:4125e6704751d0e82d8d912d9851da097e8d38599d4c45f9944faaeb21771938"},
    {url = "https://files.pythonhosted.org/packages/43/80/4c12245ba16831769232a27bc1cdf95fa58d8e1babf40e8df200b1ab5fb2/pyproj-3.3.0-cp38-cp38-manylinux_2_12_i686.manylinux2010_i686.whl", hash = "sha256:99f171da5f885efeec8d7fb2e2557175ffa8834eeb488842b1f52ac78a9a98e5"},
    {url = "https://files.pythonhosted.org/packages/5e/47/f39405cc3be682f51443e912660a567b50db1d87c9d1cae5d42845e9c00f/pyproj-3.3.0-cp39-cp39-manylinux_2_12_i686.manylinux2010_i686.whl", hash = "sha256:dbf479bd481774ad217e9db5674868eee8f01dfe3868f61753328895ae7da61a"},
    {url = "https://files.pythonhosted.org/packages/6e/e4/886eb56e568695153eceda482833e2b00a52d2b8ead09df24e1de25155e7/pyproj-3.3.0-cp38-cp38-manylinux_2_12_x86_64.manylinux2010_x86_64.whl", hash = "sha256:3d28b84913cd849832a8f154c0e0c2ee4618057f7389ee68bfdb2145e7ed78cc"},
    {url = "https://files.pythonhosted.org/packages/82/0e/b433f443e63f995e52f1e6a43ee833e83947d95e42e2cf2d55080deb307b/pyproj-3.3.0-cp39-cp39-macosx_10_9_x86_64.whl", hash = "sha256:fcceb6736085bf19291b707bc67c8cebe05330bd02268e9b8eba6d28a1905fce"},
    {url = "https://files.pythonhosted.org/packages/be/f7/964c5fac2fdaf04ba62e8c39d560d9fb6c8d6250b5b66c430f733685525d/pyproj-3.3.0-cp310-cp310-manylinux_2_12_x86_64.manylinux2010_x86_64.whl", hash = "sha256:277072176a17471c0b1d25d6cae75401d81e9b50ea625ba546f5b79acd757dfc"},
    {url = "https://files.pythonhosted.org/packages/d2/ab/ee15200dff95bb229673147839cf0c668303b8ef081ffb86661f64377169/pyproj-3.3.0-cp39-cp39-win32.whl", hash = "sha256:44b5590c0b8dd002154916e170ef88f57abf91005b34bcb23faef97abb4d42c2"},
    {url = "https://files.pythonhosted.org/packages/d3/e9/7c8e302a9a064509cd9f038c2b14628773c0aa45587b35321f9a9b13ea72/pyproj-3.3.0-cp310-cp310-win_amd64.whl", hash = "sha256:ce1adec823738e2d7c6af019fc38f58b4204bacfc782e4430373578c672f3833"},
    {url = "https://files.pythonhosted.org/packages/d9/38/f181ce61bbfe1f3ed6a0fc472d72d117d38552398fbc9796af5a9a3a78c8/pyproj-3.3.0-cp38-cp38-macosx_10_9_x86_64.whl", hash = "sha256:e70a1ea6f198cace1a492397bdd0a46e640201120973293d6c48031e370d6a87"},
    {url = "https://files.pythonhosted.org/packages/e3/f0/2ba6cf6030050da0a13672cd12f8ba19d14ecc0acd6f2df1594d0d709a73/pyproj-3.3.0-cp39-cp39-manylinux_2_17_aarch64.manylinux2014_aarch64.whl", hash = "sha256:235b52d8700ffb6be1f3638b1e25d83a9c13edcdb793236d8a98fd39227c5c27"},
    {url = "https://files.pythonhosted.org/packages/e4/36/c151d658ca1a1ccfd5ed82ac3b41d13c36cbd0687da97ac1beaeb3381fa8/pyproj-3.3.0.tar.gz", hash = "sha256:ce8bfbc212729e9a643f5f5d77f7a93394e032eda1e2d8799ae902d08add747e"},
    {url = "https://files.pythonhosted.org/packages/ea/ad/0fc402e61e0d557d558cd7e887307b2a60053eee37eca846290f57988da3/pyproj-3.3.0-cp310-cp310-macosx_10_9_universal2.whl", hash = "sha256:2c41c9b7b5e1a1b0acc2b7b2f5de65b226f7b96c870888e4f679ff96322b1ed0"},
    {url = "https://files.pythonhosted.org/packages/fa/c5/bc48eb072eeb24b89ef0f54545c36efbe94977f4640c44f41a2bd96c3d55/pyproj-3.3.0-pp38-pypy38_pp73-win_amd64.whl", hash = "sha256:5a105bfe37c78416d2641cd5d3368c99057d041f15f8d51ea3898953b21395c9"},
]
